{
  "name": "ffmpeg-respawn",
  "version": "0.0.2",
  "lockfileVersion": 1,
  "requires": true,
  "dependencies": {
    "ffmpeg-static": {
      "version": "2.1.0",
      "resolved": "https://registry.npmjs.org/ffmpeg-static/-/ffmpeg-static-2.1.0.tgz",
      "integrity": "sha512-tSX2l1iuy6BxSMTNCPheERVmYGQf4NvkQ9feNG8dQ9rRsAIOFMfDc80L78IWPh3WhITa+SSf+wmiIeCR7mHTtQ==",
      "dev": true
    },
    "mp4frag": {
      "version": "0.0.14",
      "resolved": "https://registry.npmjs.org/mp4frag/-/mp4frag-0.0.14.tgz",
      "integrity": "sha512-nRoa/o1+P4qLR1FyJ1Ex58doHUOd7bmKHg4Ye5h5p0q9cngDJOhzCBQRZMaGVlLB2jssC7J42EI3nlxtzAUbmQ==",
      "dev": true
    },
    "node-addon-api": {
      "version": "1.2.0",
      "resolved": "https://registry.npmjs.org/node-addon-api/-/node-addon-api-1.2.0.tgz",
      "integrity": "sha512-VDpTV5VK4kCqTfK5I7JAphXrL3txLbfshhjtscdYTuI4PkGvjWBFxNkctYdcRsMwgObyqVcm12tsiKZD76/d8g==",
      "dev": true
    },
    "pam-diff": {
      "version": "0.12.0-napi",
      "resolved": "https://registry.npmjs.org/pam-diff/-/pam-diff-0.12.0-napi.tgz",
      "integrity": "sha512-4f/KiI5fDIcOGRmsAGgPU1G0PccsBYmh8gjBNUP9r03zuOpiWQU85t7cU3USdo93WtEdKv4Yu8+f1ghVtgTnzg==",
      "dev": true,
      "requires": {
        "node-addon-api": "1.2.0",
        "polygon-points": "0.5.1"
      }
    },
    "pipe2pam": {
      "version": "0.6.2",
      "resolved": "https://registry.npmjs.org/pipe2pam/-/pipe2pam-0.6.2.tgz",
      "integrity": "sha512-gUWldPYgNjCp1q8qKpTsSalDqXWaLlaXVO+la1jgiJMbMlokMdOhzNyVAsRKJR23FVyPOAUHdi2YpDfneSOcbw==",
      "dev": true
    },
    "polygon-points": {
      "version": "0.5.1",
      "resolved": "https://registry.npmjs.org/polygon-points/-/polygon-points-0.5.1.tgz",
      "integrity": "sha512-tipHDI/tC/BiD2p/raZSulweXLMC+/HGXCGnwDWxgJTXHgLb7lUjM330o2qDyPMDlzHBpS8tUw89mzewCwsrjg==",
      "dev": true
    }
  }
}
